<?xml version="1.0" encoding="utf-8"?>
<Project ToolsVersion="4.0" xmlns="http://schemas.microsoft.com/developer/msbuild/2003">
  <ItemGroup>
    <ClCompile Include="Panels.cpp">
      <Filter>Source</Filter>
    </ClCompile>
    <ClCompile Include="Client.cpp">
      <Filter>Source</Filter>
    </ClCompile>
    <ClCompile Include="DLLMain.cpp">
      <Filter>Source</Filter>
    </ClCompile>
    <ClCompile Include="VMTHooks.cpp">
      <Filter>Source</Filter>
    </ClCompile>
    <ClCompile Include="CSignature.cpp">
      <Filter>Source</Filter>
    </ClCompile>
    <ClCompile Include="Log.cpp">
      <Filter>Source</Filter>
    </ClCompile>
    <ClCompile Include="Netvar.cpp">
      <Filter>Source</Filter>
    </ClCompile>
  </ItemGroup>
  <ItemGroup>
    <ClInclude Include="CGlobalVars.h">
      <Filter>Headers</Filter>
    </ClInclude>
    <ClInclude Include="Client.h">
      <Filter>Headers</Filter>
    </ClInclude>
    <ClInclude Include="getvfunc.h">
      <Filter>Headers</Filter>
    </ClInclude>
    <ClInclude Include="Panels.h">
      <Filter>Headers</Filter>
    </ClInclude>
    <ClInclude Include="SDK.h">
      <Filter>Headers</Filter>
    </ClInclude>
    <ClInclude Include="Vector.h">
      <Filter>Headers</Filter>
    </ClInclude>
    <ClInclude Include="WeaponList.h">
      <Filter>Headers</Filter>
    </ClInclude>
    <ClInclude Include="VMTHooks.h">
      <Filter>Headers</Filter>
    </ClInclude>
    <ClInclude Include="CSignature.h">
      <Filter>Headers</Filter>
    </ClInclude>
    <ClInclude Include="Log.h">
      <Filter>Headers</Filter>
    </ClInclude>
    <ClInclude Include="Netvar.h">
      <Filter>Headers</Filter>
    </ClInclude>
  </ItemGroup>
  <ItemGroup>
    <Filter Include="Headers">
      <UniqueIdentifier>{79b023fd-cbc8-41db-bfda-b06ff3b945f3}</UniqueIdentifier>
    </Filter>
    <Filter Include="Source">
      <UniqueIdentifier>{7561bd3e-f399-43c0-80fd-202de503f606}</UniqueIdentifier>
    </Filter>
  </ItemGroup>
</Project>